
Microsoft Visual Studio Solution File, Format Version 12.00
# Visual Studio 2012
Project("{8BC9CEB8-8B4A-11D0-8D11-00A0C91BC942}") = "ARCHIVE_MAKER", "ARCHIVE_MAKER\ARCHIVE_MAKER.vcxproj", "{8796BFF6-5D0E-459B-9DEC-52AE0B42012E}"
EndProject
Project("{2150E333-8FDC-42A3-9474-1A3956D46DE8}") = "Solution Items", "Solution Items", "{59E76CD5-A868-4E58-8E8F-85408917D403}"
	ProjectSection(SolutionItems) = preProject
		Performance1.psess = Performance1.psess
	EndProjectSection
EndProject
Global
	GlobalSection(SolutionConfigurationPlatforms) = preSolution
		Debug|Win32 = Debug|Win32
		Release|Win32 = Release|Win32
	EndGlobalSection
	GlobalSection(ProjectConfigurationPlatforms) = postSolution
		{8796BFF6-5D0E-459B-9DEC-52AE0B42012E}.Debug|Win32.ActiveCfg = Debug|Win32
		{8796BFF6-5D0E-459B-9DEC-52AE0B42012E}.Debug|Win32.Build.0 = Debug|Win32
		{8796BFF6-5D0E-459B-9DEC-52AE0B42012E}.Release|Win32.ActiveCfg = Release|Win32
		{8796BFF6-5D0E-459B-9DEC-52AE0B42012E}.Release|Win32.Build.0 = Release|Win32
	EndGlobalSection
	GlobalSection(SolutionProperties) = preSolution
		HideSolutionNode = FALSE
	EndGlobalSection
	GlobalSection(Performance) = preSolution
		HasPerformanceSessions = true
	EndGlobalSection
EndGlobal
